
Microsoft Visual Studio Solution File, Format Version 12.00
# Visual Studio Version 17
VisualStudioVersion = 17.9.34622.214
MinimumVisualStudioVersion = 10.0.40219.1
Project("{FAE04EC0-301F-11D3-BF4B-00C04F79EFBC}") = "ETicaretProje", "ETicaretProje\ETicaretProje.csproj", "{E1803D1A-1DA4-461D-AD10-DABBA73D0B1C}"
EndProject
Project("{FAE04EC0-301F-11D3-BF4B-00C04F79EFBC}") = "Entities", "Entities\Entities.csproj", "{35D8F905-81DC-4140-A1BF-91BD64396B7F}"
EndProject
Project("{FAE04EC0-301F-11D3-BF4B-00C04F79EFBC}") = "Data", "Data\Data.csproj", "{C52599DE-C582-433A-9E76-AD4FBB4A1114}"
EndProject
Project("{FAE04EC0-301F-11D3-BF4B-00C04F79EFBC}") = "Service", "Service\Service.csproj", "{BF49E436-6A28-48B4-95D9-3F3D078D1586}"
EndProject
Global
	GlobalSection(SolutionConfigurationPlatforms) = preSolution
		Debug|Any CPU = Debug|Any CPU
		Release|Any CPU = Release|Any CPU
	EndGlobalSection
	GlobalSection(ProjectConfigurationPlatforms) = postSolution
		{E1803D1A-1DA4-461D-AD10-DABBA73D0B1C}.Debug|Any CPU.ActiveCfg = Debug|Any CPU
		{E1803D1A-1DA4-461D-AD10-DABBA73D0B1C}.Debug|Any CPU.Build.0 = Debug|Any CPU
		{E1803D1A-1DA4-461D-AD10-DABBA73D0B1C}.Release|Any CPU.ActiveCfg = Release|Any CPU
		{E1803D1A-1DA4-461D-AD10-DABBA73D0B1C}.Release|Any CPU.Build.0 = Release|Any CPU
		{35D8F905-81DC-4140-A1BF-91BD64396B7F}.Debug|Any CPU.ActiveCfg = Debug|Any CPU
		{35D8F905-81DC-4140-A1BF-91BD64396B7F}.Debug|Any CPU.Build.0 = Debug|Any CPU
		{35D8F905-81DC-4140-A1BF-91BD64396B7F}.Release|Any CPU.ActiveCfg = Release|Any CPU
		{35D8F905-81DC-4140-A1BF-91BD64396B7F}.Release|Any CPU.Build.0 = Release|Any CPU
		{C52599DE-C582-433A-9E76-AD4FBB4A1114}.Debug|Any CPU.ActiveCfg = Debug|Any CPU
		{C52599DE-C582-433A-9E76-AD4FBB4A1114}.Debug|Any CPU.Build.0 = Debug|Any CPU
		{C52599DE-C582-433A-9E76-AD4FBB4A1114}.Release|Any CPU.ActiveCfg = Release|Any CPU
		{C52599DE-C582-433A-9E76-AD4FBB4A1114}.Release|Any CPU.Build.0 = Release|Any CPU
		{BF49E436-6A28-48B4-95D9-3F3D078D1586}.Debug|Any CPU.ActiveCfg = Debug|Any CPU
		{BF49E436-6A28-48B4-95D9-3F3D078D1586}.Debug|Any CPU.Build.0 = Debug|Any CPU
		{BF49E436-6A28-48B4-95D9-3F3D078D1586}.Release|Any CPU.ActiveCfg = Release|Any CPU
		{BF49E436-6A28-48B4-95D9-3F3D078D1586}.Release|Any CPU.Build.0 = Release|Any CPU
	EndGlobalSection
	GlobalSection(SolutionProperties) = preSolution
		HideSolutionNode = FALSE
	EndGlobalSection
	GlobalSection(ExtensibilityGlobals) = postSolution
		SolutionGuid = {6BA41485-02DF-43B2-8BC2-79359CC78120}
	EndGlobalSection
EndGlobal
